
Microsoft Visual Studio Solution File, Format Version 12.00
# Visual Studio Version 17
VisualStudioVersion = 17.5.33627.172
MinimumVisualStudioVersion = 10.0.40219.1
Project("{FAE04EC0-301F-11D3-BF4B-00C04F79EFBC}") = "LBMNotas", "LBMNotas\LBMNotas.csproj", "{DFDE7C22-0E47-4A4F-8ACF-2C45636AC7A6}"
EndProject
Global
	GlobalSection(SolutionConfigurationPlatforms) = preSolution
		Debug|Any CPU = Debug|Any CPU
		Release|Any CPU = Release|Any CPU
	EndGlobalSection
	GlobalSection(ProjectConfigurationPlatforms) = postSolution
		{DFDE7C22-0E47-4A4F-8ACF-2C45636AC7A6}.Debug|Any CPU.ActiveCfg = Debug|Any CPU
		{DFDE7C22-0E47-4A4F-8ACF-2C45636AC7A6}.Debug|Any CPU.Build.0 = Debug|Any CPU
		{DFDE7C22-0E47-4A4F-8ACF-2C45636AC7A6}.Release|Any CPU.ActiveCfg = Release|Any CPU
		{DFDE7C22-0E47-4A4F-8ACF-2C45636AC7A6}.Release|Any CPU.Build.0 = Release|Any CPU
	EndGlobalSection
	GlobalSection(SolutionProperties) = preSolution
		HideSolutionNode = FALSE
	EndGlobalSection
	GlobalSection(ExtensibilityGlobals) = postSolution
		SolutionGuid = {87D3B5B5-41F1-485F-B61E-4FCB9FEE8DB9}
	EndGlobalSection
EndGlobal
